
Microsoft Visual Studio Solution File, Format Version 12.00
# Visual Studio Version 16
VisualStudioVersion = 16.0.29123.88
MinimumVisualStudioVersion = 10.0.40219.1
Project("{9A19103F-16F7-4668-BE54-9A1E7A4F7556}") = "Military-Unit", "Military-Unit.csproj", "{96A28DA6-97F5-4115-B029-75B5DE984AEF}"
EndProject
Global
	GlobalSection(SolutionConfigurationPlatforms) = preSolution
		Debug|Any CPU = Debug|Any CPU
		Release|Any CPU = Release|Any CPU
	EndGlobalSection
	GlobalSection(ProjectConfigurationPlatforms) = postSolution
		{96A28DA6-97F5-4115-B029-75B5DE984AEF}.Debug|Any CPU.ActiveCfg = Debug|Any CPU
		{96A28DA6-97F5-4115-B029-75B5DE984AEF}.Debug|Any CPU.Build.0 = Debug|Any CPU
		{96A28DA6-97F5-4115-B029-75B5DE984AEF}.Release|Any CPU.ActiveCfg = Release|Any CPU
		{96A28DA6-97F5-4115-B029-75B5DE984AEF}.Release|Any CPU.Build.0 = Release|Any CPU
	EndGlobalSection
	GlobalSection(SolutionProperties) = preSolution
		HideSolutionNode = FALSE
	EndGlobalSection
	GlobalSection(ExtensibilityGlobals) = postSolution
		SolutionGuid = {385DB8D2-4B90-49C6-80AB-25F353A939A5}
	EndGlobalSection
EndGlobal
